
Microsoft Visual Studio Solution File, Format Version 12.00
# Visual Studio Version 17
VisualStudioVersion = 17.8.34408.163
MinimumVisualStudioVersion = 10.0.40219.1
Project("{FAE04EC0-301F-11D3-BF4B-00C04F79EFBC}") = "BETArandApp", "BETArandApp.csproj", "{80BA7A07-0D28-4020-8961-1648B37147EE}"
EndProject
Project("{FAE04EC0-301F-11D3-BF4B-00C04F79EFBC}") = "BETArandDomain", "..\BETArandDomain\BETArandDomain.csproj", "{39D21D6F-6B47-4503-8123-9371A2188B9C}"
EndProject
Global
	GlobalSection(SolutionConfigurationPlatforms) = preSolution
		Debug|Any CPU = Debug|Any CPU
		Release|Any CPU = Release|Any CPU
	EndGlobalSection
	GlobalSection(ProjectConfigurationPlatforms) = postSolution
		{80BA7A07-0D28-4020-8961-1648B37147EE}.Debug|Any CPU.ActiveCfg = Debug|Any CPU
		{80BA7A07-0D28-4020-8961-1648B37147EE}.Debug|Any CPU.Build.0 = Debug|Any CPU
		{80BA7A07-0D28-4020-8961-1648B37147EE}.Release|Any CPU.ActiveCfg = Release|Any CPU
		{80BA7A07-0D28-4020-8961-1648B37147EE}.Release|Any CPU.Build.0 = Release|Any CPU
		{39D21D6F-6B47-4503-8123-9371A2188B9C}.Debug|Any CPU.ActiveCfg = Debug|Any CPU
		{39D21D6F-6B47-4503-8123-9371A2188B9C}.Debug|Any CPU.Build.0 = Debug|Any CPU
		{39D21D6F-6B47-4503-8123-9371A2188B9C}.Release|Any CPU.ActiveCfg = Release|Any CPU
		{39D21D6F-6B47-4503-8123-9371A2188B9C}.Release|Any CPU.Build.0 = Release|Any CPU
	EndGlobalSection
	GlobalSection(SolutionProperties) = preSolution
		HideSolutionNode = FALSE
	EndGlobalSection
	GlobalSection(ExtensibilityGlobals) = postSolution
		SolutionGuid = {253FF6F0-6CC1-48DC-9204-B4DA9AE7055C}
	EndGlobalSection
EndGlobal
